// !$*UTF8*$!
{
	archiveVersion = 1;
	classes = {
	};
	objectVersion = 50;
	objects = {

/* Begin PBXBuildFile section */
		240F3D42235A8EBF001857F2 /* AppDelegate.swift in Sources */ = {isa = PBXBuildFile; fileRef = 240F3D41235A8EBF001857F2 /* AppDelegate.swift */; };
		240F3D44235A8EBF001857F2 /* SceneDelegate.swift in Sources */ = {isa = PBXBuildFile; fileRef = 240F3D43235A8EBF001857F2 /* SceneDelegate.swift */; };
		240F3D46235A8EBF001857F2 /* ContentView.swift in Sources */ = {isa = PBXBuildFile; fileRef = 240F3D45235A8EBF001857F2 /* ContentView.swift */; };
		240F3D48235A8EC0001857F2 /* Assets.xcassets in Resources */ = {isa = PBXBuildFile; fileRef = 240F3D47235A8EC0001857F2 /* Assets.xcassets */; };
		240F3D4B235A8EC0001857F2 /* Preview Assets.xcassets in Resources */ = {isa = PBXBuildFile; fileRef = 240F3D4A235A8EC0001857F2 /* Preview Assets.xcassets */; };
		240F3D4E235A8EC0001857F2 /* LaunchScreen.storyboard in Resources */ = {isa = PBXBuildFile; fileRef = 240F3D4C235A8EC0001857F2 /* LaunchScreen.storyboard */; };
/* End PBXBuildFile section */

/* Begin PBXFileReference section */
		240F3D3E235A8EBF001857F2 /* Softagongestor.app */ = {isa = PBXFileReference; explicitFileType = wrapper.application; includeInIndex = 0; path = Softagongestor.app; sourceTree = BUILT_PRODUCTS_DIR; };
		240F3D41235A8EBF001857F2 /* AppDelegate.swift */ = {isa = PBXFileReference; lastKnownFileType = sourcecode.swift; path = AppDelegate.swift; sourceTree = "<group>"; };
		240F3D43235A8EBF001857F2 /* SceneDelegate.swift */ = {isa = PBXFileReference; lastKnownFileType = sourcecode.swift; path = SceneDelegate.swift; sourceTree = "<group>"; };
		240F3D45235A8EBF001857F2 /* ContentView.swift */ = {isa = PBXFileReference; lastKnownFileType = sourcecode.swift; path = ContentView.swift; sourceTree = "<group>"; };
		240F3D47235A8EC0001857F2 /* Assets.xcassets */ = {isa = PBXFileReference; lastKnownFileType = folder.assetcatalog; path = Assets.xcassets; sourceTree = "<group>"; };
		240F3D4A235A8EC0001857F2 /* Preview Assets.xcassets */ = {isa = PBXFileReference; lastKnownFileType = folder.assetcatalog; path = "Preview Assets.xcassets"; sourceTree = "<group>"; };
		240F3D4D235A8EC0001857F2 /* Base */ = {isa = PBXFileReference; lastKnownFileType = file.storyboard; name = Base; path = Base.lproj/LaunchScreen.storyboard; sourceTree = "<group>"; };
		240F3D4F235A8EC0001857F2 /* Info.plist */ = {isa = PBXFileReference; lastKnownFileType = text.plist.xml; path = Info.plist; sourceTree = "<group>"; };
/* End PBXFileReference section */

/* Begin PBXFrameworksBuildPhase section */
		240F3D3B235A8EBF001857F2 /* Frameworks */ = {
			isa = PBXFrameworksBuildPhase;
			buildActionMask = 2147483647;
			files = (
			);
			runOnlyForDeploymentPostprocessing = 0;
		};
/* End PBXFrameworksBuildPhase section */

/* Begin PBXGroup section */
		240F3D35235A8EBF001857F2 = {
			isa = PBXGroup;
			children = (
				240F3D40235A8EBF001857F2 /* Softagongestor */,
				240F3D3F235A8EBF001857F2 /* Products */,
			);
			sourceTree = "<group>";
		};
		240F3D3F235A8EBF001857F2 /* Products */ = {
			isa = PBXGroup;
			children = (
				240F3D3E235A8EBF001857F2 /* Softagongestor.app */,
			);
			name = Products;
			sourceTree = "<group>";
		};
		240F3D40235A8EBF001857F2 /* Softagongestor */ = {
			isa = PBXGroup;
			children = (
				240F3D41235A8EBF001857F2 /* AppDelegate.swift */,
				240F3D43235A8EBF001857F2 /* SceneDelegate.swift */,
				240F3D45235A8EBF001857F2 /* ContentView.swift */,
				240F3D47235A8EC0001857F2 /* Assets.xcassets */,
				240F3D4C235A8EC0001857F2 /* LaunchScreen.storyboard */,
				240F3D4F235A8EC0001857F2 /* Info.plist */,
				240F3D49235A8EC0001857F2 /* Preview Content */,
			);
			path = Softagongestor;
			sourceTree = "<group>";
		};
		240F3D49235A8EC0001857F2 /* Preview Content */ = {
			isa = PBXGroup;
			children = (
				240F3D4A235A8EC0001857F2 /* Preview Assets.xcassets */,
			);
			path = "Preview Content";
			sourceTree = "<group>";
		};
/* End PBXGroup section */

/* Begin PBXNativeTarget section */
		240F3D3D235A8EBF001857F2 /* Softagongestor */ = {
			isa = PBXNativeTarget;
			buildConfigurationList = 240F3D52235A8EC0001857F2 /* Build configuration list for PBXNativeTarget "Softagongestor" */;
			buildPhases = (
				240F3D3A235A8EBF001857F2 /* Sources */,
				240F3D3B235A8EBF001857F2 /* Frameworks */,
				240F3D3C235A8EBF001857F2 /* Resources */,
			);
			buildRules = (
			);
			dependencies = (
			);
			name = Softagongestor;
			productName = Softagongestor;
			productReference = 240F3D3E235A8EBF001857F2 /* Softagongestor.app */;
			productType = "com.apple.product-type.application";
		};
/* End PBXNativeTarget section */

/* Begin PBXProject section */
		240F3D36235A8EBF001857F2 /* Project object */ = {
			isa = PBXProject;
			attributes = {
				LastSwiftUpdateCheck = 1110;
				LastUpgradeCheck = 1110;
				ORGANIZATIONNAME = "Softagon Inovação e Gestão";
				TargetAttributes = {
					240F3D3D235A8EBF001857F2 = {
						CreatedOnToolsVersion = 11.1;
					};
				};
			};
			buildConfigurationList = 240F3D39235A8EBF001857F2 /* Build configuration list for PBXProject "Softagongestor" */;
			compatibilityVersion = "Xcode 9.3";
			developmentRegion = en;
			hasScannedForEncodings = 0;
			knownRegions = (
				en,
				Base,
			);
			mainGroup = 240F3D35235A8EBF001857F2;
			productRefGroup = 240F3D3F235A8EBF001857F2 /* Products */;
			projectDirPath = "";
			projectRoot = "";
			targets = (
				240F3D3D235A8EBF001857F2 /* Softagongestor */,
			);
		};
/* End PBXProject section */

/* Begin PBXResourcesBuildPhase section */
		240F3D3C235A8EBF001857F2 /* Resources */ = {
			isa = PBXResourcesBuildPhase;
			buildActionMask = 2147483647;
			files = (
				240F3D4E235A8EC0001857F2 /* LaunchScreen.storyboard in Resources */,
				240F3D4B235A8EC0001857F2 /* Preview Assets.xcassets in Resources */,
				240F3D48235A8EC0001857F2 /* Assets.xcassets in Resources */,
			);
			runOnlyForDeploymentPostprocessing = 0;
		};
/* End PBXResourcesBuildPhase section */

/* Begin PBXSourcesBuildPhase section */
		240F3D3A235A8EBF001857F2 /* Sources */ = {
			isa = PBXSourcesBuildPhase;
			buildActionMask = 2147483647;
			files = (
				240F3D42235A8EBF001857F2 /* AppDelegate.swift in Sources */,
				240F3D44235A8EBF001857F2 /* SceneDelegate.swift in Sources */,
				240F3D46235A8EBF001857F2 /* ContentView.swift in Sources */,
			);
			runOnlyForDeploymentPostprocessing = 0;
		};
/* End PBXSourcesBuildPhase section */

/* Begin PBXVariantGroup section */
		240F3D4C235A8EC0001857F2 /* LaunchScreen.storyboard */ = {
			isa = PBXVariantGroup;
			children = (
				240F3D4D235A8EC0001857F2 /* Base */,
			);
			name = LaunchScreen.storyboard;
			sourceTree = "<group>";
		};
/* End PBXVariantGroup section */

/* Begin XCBuildConfiguration section */
		240F3D50235A8EC0001857F2 /* Debug */ = {
			isa = XCBuildConfiguration;
			buildSettings = {
				ALWAYS_SEARCH_USER_PATHS = NO;
				CLANG_ANALYZER_NONNULL = YES;
				CLANG_ANALYZER_NUMBER_OBJECT_CONVERSION = YES_AGGRESSIVE;
				CLANG_CXX_LANGUAGE_STANDARD = "gnu++14";
				CLANG_CXX_LIBRARY = "libc++";
				CLANG_ENABLE_MODULES = YES;
				CLANG_ENABLE_OBJC_ARC = YES;
				CLANG_ENABLE_OBJC_WEAK = YES;
				CLANG_WARN_BLOCK_CAPTURE_AUTORELEASING = YES;
				CLANG_WARN_BOOL_CONVERSION = YES;
				CLANG_WARN_COMMA = YES;
				CLANG_WARN_CONSTANT_CONVERSION = YES;
				CLANG_WARN_DEPRECATED_OBJC_IMPLEMENTATIONS = YES;
				CLANG_WARN_DIRECT_OBJC_ISA_USAGE = YES_ERROR;
				CLANG_WARN_DOCUMENTATION_COMMENTS = YES;
				CLANG_WARN_EMPTY_BODY = YES;
				CLANG_WARN_ENUM_CONVERSION = YES;
				CLANG_WARN_INFINITE_RECURSION = YES;
				CLANG_WARN_INT_CONVERSION = YES;
				CLANG_WARN_NON_LITERAL_NULL_CONVERSION = YES;
				CLANG_WARN_OBJC_IMPLICIT_RETAIN_SELF = YES;
				CLANG_WARN_OBJC_LITERAL_CONVERSION = YES;
				CLANG_WARN_OBJC_ROOT_CLASS = YES_ERROR;
				CLANG_WARN_RANGE_LOOP_ANALYSIS = YES;
				CLANG_WARN_STRICT_PROTOTYPES = YES;
				CLANG_WARN_SUSPICIOUS_MOVE = YES;
				CLANG_WARN_UNGUARDED_AVAILABILITY = YES_AGGRESSIVE;
				CLANG_WARN_UNREACHABLE_CODE = YES;
				CLANG_WARN__DUPLICATE_METHOD_MATCH = YES;
				COPY_PHASE_STRIP = NO;
				DEBUG_INFORMATION_FORMAT = dwarf;
				ENABLE_STRICT_OBJC_MSGSEND = YES;
				ENABLE_TESTABILITY = YES;
				GCC_C_LANGUAGE_STANDARD = gnu11;
				GCC_DYNAMIC_NO_PIC = NO;
				GCC_NO_COMMON_BLOCKS = YES;
				GCC_OPTIMIZATION_LEVEL = 0;
				GCC_PREPROCESSOR_DEFINITIONS = (
					"DEBUG=1",
					"$(inherited)",
				);
				GCC_WARN_64_TO_32_BIT_CONVERSION = YES;
				GCC_WARN_ABOUT_RETURN_TYPE = YES_ERROR;
				GCC_WARN_UNDECLARED_SELECTOR = YES;
				GCC_WARN_UNINITIALIZED_AUTOS = YES_AGGRESSIVE;
				GCC_WARN_UNUSED_FUNCTION = YES;
				GCC_WARN_UNUSED_VARIABLE = YES;
				IPHONEOS_DEPLOYMENT_TARGET = 13.1;
				MTL_ENABLE_DEBUG_INFO = INCLUDE_SOURCE;
				MTL_FAST_MATH = YES;
				ONLY_ACTIVE_ARCH = YES;
				SDKROOT = iphoneos;
				SWIFT_ACTIVE_COMPILATION_CONDITIONS = DEBUG;
				SWIFT_OPTIMIZATION_LEVEL = "-Onone";
			};
			name = Debug;
		};
		240F3D51235A8EC0001857F2 /* Release */ = {
			isa = XCBuildConfiguration;
			buildSettings = {
				ALWAYS_SEARCH_USER_PATHS = NO;
				CLANG_ANALYZER_NONNULL = YES;
				CLANG_ANALYZER_NUMBER_OBJECT_CONVERSION = YES_AGGRESSIVE;
				CLANG_CXX_LANGUAGE_STANDARD = "gnu++14";
				CLANG_CXX_LIBRARY = "libc++";
				CLANG_ENABLE_MODULES = YES;
				CLANG_ENABLE_OBJC_ARC = YES;
				CLANG_ENABLE_OBJC_WEAK = YES;
				CLANG_WARN_BLOCK_CAPTURE_AUTORELEASING = YES;
				CLANG_WARN_BOOL_CONVERSION = YES;
				CLANG_WARN_COMMA = YES;
				CLANG_WARN_CONSTANT_CONVERSION = YES;
				CLANG_WARN_DEPRECATED_OBJC_IMPLEMENTATIONS = YES;
				CLANG_WARN_DIRECT_OBJC_ISA_USAGE = YES_ERROR;
				CLANG_WARN_DOCUMENTATION_COMMENTS = YES;
				CLANG_WARN_EMPTY_BODY = YES;
				CLANG_WARN_ENUM_CONVERSION = YES;
				CLANG_WARN_INFINITE_RECURSION = YES;
				CLANG_WARN_INT_CONVERSION = YES;
				CLANG_WARN_NON_LITERAL_NULL_CONVERSION = YES;
				CLANG_WARN_OBJC_IMPLICIT_RETAIN_SELF = YES;
				CLANG_WARN_OBJC_LITERAL_CONVERSION = YES;
				CLANG_WARN_OBJC_ROOT_CLASS = YES_ERROR;
				CLANG_WARN_RANGE_LOOP_ANALYSIS = YES;
				CLANG_WARN_STRICT_PROTOTYPES = YES;
				CLANG_WARN_SUSPICIOUS_MOVE = YES;
				CLANG_WARN_UNGUARDED_AVAILABILITY = YES_AGGRESSIVE;
				CLANG_WARN_UNREACHABLE_CODE = YES;
				CLANG_WARN__DUPLICATE_METHOD_MATCH = YES;
				COPY_PHASE_STRIP = NO;
				DEBUG_INFORMATION_FORMAT = "dwarf-with-dsym";
				ENABLE_NS_ASSERTIONS = NO;
				ENABLE_STRICT_OBJC_MSGSEND = YES;
				GCC_C_LANGUAGE_STANDARD = gnu11;
				GCC_NO_COMMON_BLOCKS = YES;
				GCC_WARN_64_TO_32_BIT_CONVERSION = YES;
				GCC_WARN_ABOUT_RETURN_TYPE = YES_ERROR;
				GCC_WARN_UNDECLARED_SELECTOR = YES;
				GCC_WARN_UNINITIALIZED_AUTOS = YES_AGGRESSIVE;
				GCC_WARN_UNUSED_FUNCTION = YES;
				GCC_WARN_UNUSED_VARIABLE = YES;
				IPHONEOS_DEPLOYMENT_TARGET = 13.1;
				MTL_ENABLE_DEBUG_INFO = NO;
				MTL_FAST_MATH = YES;
				SDKROOT = iphoneos;
				SWIFT_COMPILATION_MODE = wholemodule;
				SWIFT_OPTIMIZATION_LEVEL = "-O";
				VALIDATE_PRODUCT = YES;
			};
			name = Release;
		};
		240F3D53235A8EC0001857F2 /* Debug */ = {
			isa = XCBuildConfiguration;
			buildSettings = {
				ASSETCATALOG_COMPILER_APPICON_NAME = AppIcon;
				CODE_SIGN_STYLE = Automatic;
				DEVELOPMENT_ASSET_PATHS = "\"Softagongestor/Preview Content\"";
				ENABLE_PREVIEWS = YES;
				INFOPLIST_FILE = Softagongestor/Info.plist;
				LD_RUNPATH_SEARCH_PATHS = (
					"$(inherited)",
					"@executable_path/Frameworks",
				);
				PRODUCT_BUNDLE_IDENTIFIER = gestor.softagon.app.Softagongestor;
				PRODUCT_NAME = "$(TARGET_NAME)";
				SWIFT_VERSION = 5.0;
				TARGETED_DEVICE_FAMILY = "1,2";
			};
			name = Debug;
		};
		240F3D54235A8EC0001857F2 /* Release */ = {
			isa = XCBuildConfiguration;
			buildSettings = {
				ASSETCATALOG_COMPILER_APPICON_NAME = AppIcon;
				CODE_SIGN_STYLE = Automatic;
				DEVELOPMENT_ASSET_PATHS = "\"Softagongestor/Preview Content\"";
				ENABLE_PREVIEWS = YES;
				INFOPLIST_FILE = Softagongestor/Info.plist;
				LD_RUNPATH_SEARCH_PATHS = (
					"$(inherited)",
					"@executable_path/Frameworks",
				);
				PRODUCT_BUNDLE_IDENTIFIER = gestor.softagon.app.Softagongestor;
				PRODUCT_NAME = "$(TARGET_NAME)";
				SWIFT_VERSION = 5.0;
				TARGETED_DEVICE_FAMILY = "1,2";
			};
			name = Release;
		};
/* End XCBuildConfiguration section */

/* Begin XCConfigurationList section */
		240F3D39235A8EBF001857F2 /* Build configuration list for PBXProject "Softagongestor" */ = {
			isa = XCConfigurationList;
			buildConfigurations = (
				240F3D50235A8EC0001857F2 /* Debug */,
				240F3D51235A8EC0001857F2 /* Release */,
			);
			defaultConfigurationIsVisible = 0;
			defaultConfigurationName = Release;
		};
		240F3D52235A8EC0001857F2 /* Build configuration list for PBXNativeTarget "Softagongestor" */ = {
			isa = XCConfigurationList;
			buildConfigurations = (
				240F3D53235A8EC0001857F2 /* Debug */,
				240F3D54235A8EC0001857F2 /* Release */,
			);
			defaultConfigurationIsVisible = 0;
			defaultConfigurationName = Release;
		};
/* End XCConfigurationList section */
	};
	rootObject = 240F3D36235A8EBF001857F2 /* Project object */;
}
